
Microsoft Visual Studio Solution File, Format Version 12.00
# Visual Studio 15
VisualStudioVersion = 15.0.28010.2048
MinimumVisualStudioVersion = 10.0.40219.1
Project("{9A19103F-16F7-4668-BE54-9A1E7A4F7556}") = "TimeTravelApi", "TimeTravelApi.csproj", "{924EABD5-DD68-44D3-AFDA-8283EAAA2172}"
EndProject
Project("{9A19103F-16F7-4668-BE54-9A1E7A4F7556}") = "TimeTravelApi.Tests", "..\TimeTravelApi.Tests\TimeTravelApi.Tests.csproj", "{2F9348F1-4D6D-42DC-B522-07F86BEDD3DD}"
EndProject
Global
	GlobalSection(SolutionConfigurationPlatforms) = preSolution
		Debug|Any CPU = Debug|Any CPU
		Release|Any CPU = Release|Any CPU
	EndGlobalSection
	GlobalSection(ProjectConfigurationPlatforms) = postSolution
		{924EABD5-DD68-44D3-AFDA-8283EAAA2172}.Debug|Any CPU.ActiveCfg = Debug|Any CPU
		{924EABD5-DD68-44D3-AFDA-8283EAAA2172}.Debug|Any CPU.Build.0 = Debug|Any CPU
		{924EABD5-DD68-44D3-AFDA-8283EAAA2172}.Release|Any CPU.ActiveCfg = Release|Any CPU
		{924EABD5-DD68-44D3-AFDA-8283EAAA2172}.Release|Any CPU.Build.0 = Release|Any CPU
		{2F9348F1-4D6D-42DC-B522-07F86BEDD3DD}.Debug|Any CPU.ActiveCfg = Debug|Any CPU
		{2F9348F1-4D6D-42DC-B522-07F86BEDD3DD}.Debug|Any CPU.Build.0 = Debug|Any CPU
		{2F9348F1-4D6D-42DC-B522-07F86BEDD3DD}.Release|Any CPU.ActiveCfg = Release|Any CPU
		{2F9348F1-4D6D-42DC-B522-07F86BEDD3DD}.Release|Any CPU.Build.0 = Release|Any CPU
	EndGlobalSection
	GlobalSection(SolutionProperties) = preSolution
		HideSolutionNode = FALSE
	EndGlobalSection
	GlobalSection(ExtensibilityGlobals) = postSolution
		SolutionGuid = {F7FE0A53-C8BB-45E0-AAA1-219A2B226F09}
	EndGlobalSection
EndGlobal
